// !$*UTF8*$!
{
	archiveVersion = 1;
	classes = {
	};
	objectVersion = 46;
	objects = {

/* Begin PBXBuildFile section */
		01EF9CD71C12730E0004E740 /* main.m in Sources */ = {isa = PBXBuildFile; fileRef = 01EF9CD61C12730E0004E740 /* main.m */; };
		01EF9CDA1C12730E0004E740 /* AppDelegate.m in Sources */ = {isa = PBXBuildFile; fileRef = 01EF9CD91C12730E0004E740 /* AppDelegate.m */; };
		01EF9CDD1C12730E0004E740 /* ViewController.m in Sources */ = {isa = PBXBuildFile; fileRef = 01EF9CDC1C12730E0004E740 /* ViewController.m */; };
		01EF9CE01C12730E0004E740 /* Main.storyboard in Resources */ = {isa = PBXBuildFile; fileRef = 01EF9CDE1C12730E0004E740 /* Main.storyboard */; };
		01EF9CE21C12730E0004E740 /* Assets.xcassets in Resources */ = {isa = PBXBuildFile; fileRef = 01EF9CE11C12730E0004E740 /* Assets.xcassets */; };
		01EF9CE51C12730E0004E740 /* LaunchScreen.storyboard in Resources */ = {isa = PBXBuildFile; fileRef = 01EF9CE31C12730E0004E740 /* LaunchScreen.storyboard */; };
		01EF9CF01C12730E0004E740 /* __ChatTests.m in Sources */ = {isa = PBXBuildFile; fileRef = 01EF9CEF1C12730E0004E740 /* __ChatTests.m */; };
		01EF9CFB1C12730E0004E740 /* __ChatUITests.m in Sources */ = {isa = PBXBuildFile; fileRef = 01EF9CFA1C12730E0004E740 /* __ChatUITests.m */; };
<<<<<<< HEAD
		01EF9D1D1C12CCFC0004E740 /* DefaultDirectionInterpretor.m in Sources */ = {isa = PBXBuildFile; fileRef = 01EF9D0A1C12CCFB0004E740 /* DefaultDirectionInterpretor.m */; };
		01EF9D1E1C12CCFC0004E740 /* DefaultShouldSwipeDeterminator.m in Sources */ = {isa = PBXBuildFile; fileRef = 01EF9D0C1C12CCFB0004E740 /* DefaultShouldSwipeDeterminator.m */; };
		01EF9D1F1C12CCFC0004E740 /* DefaultViewAnimator.m in Sources */ = {isa = PBXBuildFile; fileRef = 01EF9D0E1C12CCFB0004E740 /* DefaultViewAnimator.m */; };
		01EF9D201C12CCFC0004E740 /* PanGestureRecognizer.m in Sources */ = {isa = PBXBuildFile; fileRef = 01EF9D101C12CCFB0004E740 /* PanGestureRecognizer.m */; };
		01EF9D211C12CCFC0004E740 /* Scheduler.m in Sources */ = {isa = PBXBuildFile; fileRef = 01EF9D121C12CCFB0004E740 /* Scheduler.m */; };
		01EF9D221C12CCFC0004E740 /* Utils.m in Sources */ = {isa = PBXBuildFile; fileRef = 01EF9D141C12CCFB0004E740 /* Utils.m */; };
		01EF9D231C12CCFC0004E740 /* ViewManager.m in Sources */ = {isa = PBXBuildFile; fileRef = 01EF9D161C12CCFB0004E740 /* ViewManager.m */; };
		01EF9D241C12CCFC0004E740 /* ZLSwipeableView.m in Sources */ = {isa = PBXBuildFile; fileRef = 01EF9D181C12CCFB0004E740 /* ZLSwipeableView.m */; };
		01EF9D251C12CCFC0004E740 /* ZLSwipeableViewMovement.m in Sources */ = {isa = PBXBuildFile; fileRef = 01EF9D1A1C12CCFB0004E740 /* ZLSwipeableViewMovement.m */; };
		01EF9D261C12CCFC0004E740 /* ZLSwipeableViewSwipeOptions.m in Sources */ = {isa = PBXBuildFile; fileRef = 01EF9D1C1C12CCFB0004E740 /* ZLSwipeableViewSwipeOptions.m */; };
		01EF9D291C12D3C10004E740 /* CardView.m in Sources */ = {isa = PBXBuildFile; fileRef = 01EF9D281C12D3C10004E740 /* CardView.m */; };
		01EF9E461C148FEF0004E740 /* JVLeftDrawerTableViewController.m in Sources */ = {isa = PBXBuildFile; fileRef = 01EF9E451C148FEF0004E740 /* JVLeftDrawerTableViewController.m */; };
		01EF9E491C1490170004E740 /* JVLeftDrawerTableViewCell.m in Sources */ = {isa = PBXBuildFile; fileRef = 01EF9E481C1490170004E740 /* JVLeftDrawerTableViewCell.m */; };
		01EF9E4E1C14A2E20004E740 /* right.png in Resources */ = {isa = PBXBuildFile; fileRef = 01EF9E4D1C14A2E20004E740 /* right.png */; };
		01EF9E501C14A2EF0004E740 /* left.png in Resources */ = {isa = PBXBuildFile; fileRef = 01EF9E4F1C14A2EF0004E740 /* left.png */; };
		01EF9E521C14A3DF0004E740 /* bg_jmt.png in Resources */ = {isa = PBXBuildFile; fileRef = 01EF9E511C14A3DF0004E740 /* bg_jmt.png */; };
		01EF9E9F1C15975D0004E740 /* FBShimmeringLayer.m in Sources */ = {isa = PBXBuildFile; fileRef = 01EF9E9C1C15975D0004E740 /* FBShimmeringLayer.m */; };
		01EF9EA01C15975D0004E740 /* FBShimmeringView.m in Sources */ = {isa = PBXBuildFile; fileRef = 01EF9E9E1C15975D0004E740 /* FBShimmeringView.m */; };
		80166AE600F13EBF914C0E3E /* libPods-点点Chat.a in Frameworks */ = {isa = PBXBuildFile; fileRef = E81DA3FD87BA86FF60EC43E8 /* libPods-点点Chat.a */; };
=======
>>>>>>> parent of 7249f13... 12.6---0:53
/* End PBXBuildFile section */

/* Begin PBXContainerItemProxy section */
		01EF9CEC1C12730E0004E740 /* PBXContainerItemProxy */ = {
			isa = PBXContainerItemProxy;
			containerPortal = 01EF9CCA1C12730E0004E740 /* Project object */;
			proxyType = 1;
			remoteGlobalIDString = 01EF9CD11C12730E0004E740;
			remoteInfo = "点点Chat";
		};
		01EF9CF71C12730E0004E740 /* PBXContainerItemProxy */ = {
			isa = PBXContainerItemProxy;
			containerPortal = 01EF9CCA1C12730E0004E740 /* Project object */;
			proxyType = 1;
			remoteGlobalIDString = 01EF9CD11C12730E0004E740;
			remoteInfo = "点点Chat";
		};
/* End PBXContainerItemProxy section */

/* Begin PBXFileReference section */
		01EF9CD21C12730E0004E740 /* 点点Chat.app */ = {isa = PBXFileReference; explicitFileType = wrapper.application; includeInIndex = 0; path = "点点Chat.app"; sourceTree = BUILT_PRODUCTS_DIR; };
		01EF9CD61C12730E0004E740 /* main.m */ = {isa = PBXFileReference; lastKnownFileType = sourcecode.c.objc; path = main.m; sourceTree = "<group>"; };
		01EF9CD81C12730E0004E740 /* AppDelegate.h */ = {isa = PBXFileReference; lastKnownFileType = sourcecode.c.h; path = AppDelegate.h; sourceTree = "<group>"; };
		01EF9CD91C12730E0004E740 /* AppDelegate.m */ = {isa = PBXFileReference; lastKnownFileType = sourcecode.c.objc; path = AppDelegate.m; sourceTree = "<group>"; };
		01EF9CDB1C12730E0004E740 /* ViewController.h */ = {isa = PBXFileReference; lastKnownFileType = sourcecode.c.h; path = ViewController.h; sourceTree = "<group>"; };
		01EF9CDC1C12730E0004E740 /* ViewController.m */ = {isa = PBXFileReference; lastKnownFileType = sourcecode.c.objc; path = ViewController.m; sourceTree = "<group>"; };
		01EF9CDF1C12730E0004E740 /* Base */ = {isa = PBXFileReference; lastKnownFileType = file.storyboard; name = Base; path = Base.lproj/Main.storyboard; sourceTree = "<group>"; };
		01EF9CE11C12730E0004E740 /* Assets.xcassets */ = {isa = PBXFileReference; lastKnownFileType = folder.assetcatalog; path = Assets.xcassets; sourceTree = "<group>"; };
		01EF9CE41C12730E0004E740 /* Base */ = {isa = PBXFileReference; lastKnownFileType = file.storyboard; name = Base; path = Base.lproj/LaunchScreen.storyboard; sourceTree = "<group>"; };
		01EF9CE61C12730E0004E740 /* Info.plist */ = {isa = PBXFileReference; lastKnownFileType = text.plist.xml; path = Info.plist; sourceTree = "<group>"; };
		01EF9CEB1C12730E0004E740 /* 点点ChatTests.xctest */ = {isa = PBXFileReference; explicitFileType = wrapper.cfbundle; includeInIndex = 0; path = "点点ChatTests.xctest"; sourceTree = BUILT_PRODUCTS_DIR; };
		01EF9CEF1C12730E0004E740 /* __ChatTests.m */ = {isa = PBXFileReference; lastKnownFileType = sourcecode.c.objc; path = __ChatTests.m; sourceTree = "<group>"; };
		01EF9CF11C12730E0004E740 /* Info.plist */ = {isa = PBXFileReference; lastKnownFileType = text.plist.xml; path = Info.plist; sourceTree = "<group>"; };
		01EF9CF61C12730E0004E740 /* 点点ChatUITests.xctest */ = {isa = PBXFileReference; explicitFileType = wrapper.cfbundle; includeInIndex = 0; path = "点点ChatUITests.xctest"; sourceTree = BUILT_PRODUCTS_DIR; };
		01EF9CFA1C12730E0004E740 /* __ChatUITests.m */ = {isa = PBXFileReference; lastKnownFileType = sourcecode.c.objc; path = __ChatUITests.m; sourceTree = "<group>"; };
		01EF9CFC1C12730E0004E740 /* Info.plist */ = {isa = PBXFileReference; lastKnownFileType = text.plist.xml; path = Info.plist; sourceTree = "<group>"; };
<<<<<<< HEAD
		01EF9D091C12CCFB0004E740 /* DefaultDirectionInterpretor.h */ = {isa = PBXFileReference; fileEncoding = 4; lastKnownFileType = sourcecode.c.h; path = DefaultDirectionInterpretor.h; sourceTree = "<group>"; };
		01EF9D0A1C12CCFB0004E740 /* DefaultDirectionInterpretor.m */ = {isa = PBXFileReference; fileEncoding = 4; lastKnownFileType = sourcecode.c.objc; path = DefaultDirectionInterpretor.m; sourceTree = "<group>"; };
		01EF9D0B1C12CCFB0004E740 /* DefaultShouldSwipeDeterminator.h */ = {isa = PBXFileReference; fileEncoding = 4; lastKnownFileType = sourcecode.c.h; path = DefaultShouldSwipeDeterminator.h; sourceTree = "<group>"; };
		01EF9D0C1C12CCFB0004E740 /* DefaultShouldSwipeDeterminator.m */ = {isa = PBXFileReference; fileEncoding = 4; lastKnownFileType = sourcecode.c.objc; path = DefaultShouldSwipeDeterminator.m; sourceTree = "<group>"; };
		01EF9D0D1C12CCFB0004E740 /* DefaultViewAnimator.h */ = {isa = PBXFileReference; fileEncoding = 4; lastKnownFileType = sourcecode.c.h; path = DefaultViewAnimator.h; sourceTree = "<group>"; };
		01EF9D0E1C12CCFB0004E740 /* DefaultViewAnimator.m */ = {isa = PBXFileReference; fileEncoding = 4; lastKnownFileType = sourcecode.c.objc; path = DefaultViewAnimator.m; sourceTree = "<group>"; };
		01EF9D0F1C12CCFB0004E740 /* PanGestureRecognizer.h */ = {isa = PBXFileReference; fileEncoding = 4; lastKnownFileType = sourcecode.c.h; path = PanGestureRecognizer.h; sourceTree = "<group>"; };
		01EF9D101C12CCFB0004E740 /* PanGestureRecognizer.m */ = {isa = PBXFileReference; fileEncoding = 4; lastKnownFileType = sourcecode.c.objc; path = PanGestureRecognizer.m; sourceTree = "<group>"; };
		01EF9D111C12CCFB0004E740 /* Scheduler.h */ = {isa = PBXFileReference; fileEncoding = 4; lastKnownFileType = sourcecode.c.h; path = Scheduler.h; sourceTree = "<group>"; };
		01EF9D121C12CCFB0004E740 /* Scheduler.m */ = {isa = PBXFileReference; fileEncoding = 4; lastKnownFileType = sourcecode.c.objc; path = Scheduler.m; sourceTree = "<group>"; };
		01EF9D131C12CCFB0004E740 /* Utils.h */ = {isa = PBXFileReference; fileEncoding = 4; lastKnownFileType = sourcecode.c.h; path = Utils.h; sourceTree = "<group>"; };
		01EF9D141C12CCFB0004E740 /* Utils.m */ = {isa = PBXFileReference; fileEncoding = 4; lastKnownFileType = sourcecode.c.objc; path = Utils.m; sourceTree = "<group>"; };
		01EF9D151C12CCFB0004E740 /* ViewManager.h */ = {isa = PBXFileReference; fileEncoding = 4; lastKnownFileType = sourcecode.c.h; path = ViewManager.h; sourceTree = "<group>"; };
		01EF9D161C12CCFB0004E740 /* ViewManager.m */ = {isa = PBXFileReference; fileEncoding = 4; lastKnownFileType = sourcecode.c.objc; path = ViewManager.m; sourceTree = "<group>"; };
		01EF9D171C12CCFB0004E740 /* ZLSwipeableView.h */ = {isa = PBXFileReference; fileEncoding = 4; lastKnownFileType = sourcecode.c.h; path = ZLSwipeableView.h; sourceTree = "<group>"; };
		01EF9D181C12CCFB0004E740 /* ZLSwipeableView.m */ = {isa = PBXFileReference; fileEncoding = 4; lastKnownFileType = sourcecode.c.objc; path = ZLSwipeableView.m; sourceTree = "<group>"; };
		01EF9D191C12CCFB0004E740 /* ZLSwipeableViewMovement.h */ = {isa = PBXFileReference; fileEncoding = 4; lastKnownFileType = sourcecode.c.h; path = ZLSwipeableViewMovement.h; sourceTree = "<group>"; };
		01EF9D1A1C12CCFB0004E740 /* ZLSwipeableViewMovement.m */ = {isa = PBXFileReference; fileEncoding = 4; lastKnownFileType = sourcecode.c.objc; path = ZLSwipeableViewMovement.m; sourceTree = "<group>"; };
		01EF9D1B1C12CCFB0004E740 /* ZLSwipeableViewSwipeOptions.h */ = {isa = PBXFileReference; fileEncoding = 4; lastKnownFileType = sourcecode.c.h; path = ZLSwipeableViewSwipeOptions.h; sourceTree = "<group>"; };
		01EF9D1C1C12CCFB0004E740 /* ZLSwipeableViewSwipeOptions.m */ = {isa = PBXFileReference; fileEncoding = 4; lastKnownFileType = sourcecode.c.objc; path = ZLSwipeableViewSwipeOptions.m; sourceTree = "<group>"; };
		01EF9D271C12D3C10004E740 /* CardView.h */ = {isa = PBXFileReference; fileEncoding = 4; lastKnownFileType = sourcecode.c.h; path = CardView.h; sourceTree = "<group>"; };
		01EF9D281C12D3C10004E740 /* CardView.m */ = {isa = PBXFileReference; fileEncoding = 4; lastKnownFileType = sourcecode.c.objc; path = CardView.m; sourceTree = "<group>"; };
		01EF9E431C147D310004E740 /* PrefixHeader.pch */ = {isa = PBXFileReference; lastKnownFileType = sourcecode.c.h; path = PrefixHeader.pch; sourceTree = "<group>"; };
		01EF9E441C148FEF0004E740 /* JVLeftDrawerTableViewController.h */ = {isa = PBXFileReference; fileEncoding = 4; lastKnownFileType = sourcecode.c.h; path = JVLeftDrawerTableViewController.h; sourceTree = "<group>"; };
		01EF9E451C148FEF0004E740 /* JVLeftDrawerTableViewController.m */ = {isa = PBXFileReference; fileEncoding = 4; lastKnownFileType = sourcecode.c.objc; path = JVLeftDrawerTableViewController.m; sourceTree = "<group>"; };
		01EF9E471C1490170004E740 /* JVLeftDrawerTableViewCell.h */ = {isa = PBXFileReference; fileEncoding = 4; lastKnownFileType = sourcecode.c.h; path = JVLeftDrawerTableViewCell.h; sourceTree = "<group>"; };
		01EF9E481C1490170004E740 /* JVLeftDrawerTableViewCell.m */ = {isa = PBXFileReference; fileEncoding = 4; lastKnownFileType = sourcecode.c.objc; path = JVLeftDrawerTableViewCell.m; sourceTree = "<group>"; };
		01EF9E4D1C14A2E20004E740 /* right.png */ = {isa = PBXFileReference; lastKnownFileType = image.png; path = right.png; sourceTree = "<group>"; };
		01EF9E4F1C14A2EF0004E740 /* left.png */ = {isa = PBXFileReference; lastKnownFileType = image.png; path = left.png; sourceTree = "<group>"; };
		01EF9E511C14A3DF0004E740 /* bg_jmt.png */ = {isa = PBXFileReference; lastKnownFileType = image.png; path = bg_jmt.png; sourceTree = "<group>"; };
		01EF9E991C15975D0004E740 /* FBShimmering-Prefix.pch */ = {isa = PBXFileReference; fileEncoding = 4; lastKnownFileType = sourcecode.c.h; path = "FBShimmering-Prefix.pch"; sourceTree = "<group>"; };
		01EF9E9A1C15975D0004E740 /* FBShimmering.h */ = {isa = PBXFileReference; fileEncoding = 4; lastKnownFileType = sourcecode.c.h; path = FBShimmering.h; sourceTree = "<group>"; };
		01EF9E9B1C15975D0004E740 /* FBShimmeringLayer.h */ = {isa = PBXFileReference; fileEncoding = 4; lastKnownFileType = sourcecode.c.h; path = FBShimmeringLayer.h; sourceTree = "<group>"; };
		01EF9E9C1C15975D0004E740 /* FBShimmeringLayer.m */ = {isa = PBXFileReference; fileEncoding = 4; lastKnownFileType = sourcecode.c.objc; path = FBShimmeringLayer.m; sourceTree = "<group>"; };
		01EF9E9D1C15975D0004E740 /* FBShimmeringView.h */ = {isa = PBXFileReference; fileEncoding = 4; lastKnownFileType = sourcecode.c.h; path = FBShimmeringView.h; sourceTree = "<group>"; };
		01EF9E9E1C15975D0004E740 /* FBShimmeringView.m */ = {isa = PBXFileReference; fileEncoding = 4; lastKnownFileType = sourcecode.c.objc; path = FBShimmeringView.m; sourceTree = "<group>"; };
		6DEFD7B329AAC10720EA0ED5 /* Pods-点点Chat.debug.xcconfig */ = {isa = PBXFileReference; includeInIndex = 1; lastKnownFileType = text.xcconfig; name = "Pods-点点Chat.debug.xcconfig"; path = "Pods/Target Support Files/Pods-点点Chat/Pods-点点Chat.debug.xcconfig"; sourceTree = "<group>"; };
		84CD2FCFFF5E6EBD986C679A /* Pods-点点Chat.release.xcconfig */ = {isa = PBXFileReference; includeInIndex = 1; lastKnownFileType = text.xcconfig; name = "Pods-点点Chat.release.xcconfig"; path = "Pods/Target Support Files/Pods-点点Chat/Pods-点点Chat.release.xcconfig"; sourceTree = "<group>"; };
		E81DA3FD87BA86FF60EC43E8 /* libPods-点点Chat.a */ = {isa = PBXFileReference; explicitFileType = archive.ar; includeInIndex = 0; path = "libPods-点点Chat.a"; sourceTree = BUILT_PRODUCTS_DIR; };
=======
>>>>>>> parent of 7249f13... 12.6---0:53
/* End PBXFileReference section */

/* Begin PBXFrameworksBuildPhase section */
		01EF9CCF1C12730E0004E740 /* Frameworks */ = {
			isa = PBXFrameworksBuildPhase;
			buildActionMask = 2147483647;
			files = (
				80166AE600F13EBF914C0E3E /* libPods-点点Chat.a in Frameworks */,
			);
			runOnlyForDeploymentPostprocessing = 0;
		};
		01EF9CE81C12730E0004E740 /* Frameworks */ = {
			isa = PBXFrameworksBuildPhase;
			buildActionMask = 2147483647;
			files = (
			);
			runOnlyForDeploymentPostprocessing = 0;
		};
		01EF9CF31C12730E0004E740 /* Frameworks */ = {
			isa = PBXFrameworksBuildPhase;
			buildActionMask = 2147483647;
			files = (
			);
			runOnlyForDeploymentPostprocessing = 0;
		};
/* End PBXFrameworksBuildPhase section */

/* Begin PBXGroup section */
		01EF9CC91C12730E0004E740 = {
			isa = PBXGroup;
			children = (
				01EF9CD41C12730E0004E740 /* 点点Chat */,
				01EF9CEE1C12730E0004E740 /* 点点ChatTests */,
				01EF9CF91C12730E0004E740 /* 点点ChatUITests */,
				01EF9CD31C12730E0004E740 /* Products */,
				9A237BFBBDE951E23390C0B3 /* Pods */,
				B8D1BE9A14EBE6A60B84A0FA /* Frameworks */,
			);
			sourceTree = "<group>";
		};
		01EF9CD31C12730E0004E740 /* Products */ = {
			isa = PBXGroup;
			children = (
				01EF9CD21C12730E0004E740 /* 点点Chat.app */,
				01EF9CEB1C12730E0004E740 /* 点点ChatTests.xctest */,
				01EF9CF61C12730E0004E740 /* 点点ChatUITests.xctest */,
			);
			name = Products;
			sourceTree = "<group>";
		};
		01EF9CD41C12730E0004E740 /* 点点Chat */ = {
			isa = PBXGroup;
			children = (
<<<<<<< HEAD
				01EF9D081C12CCFB0004E740 /* ZLSwipeableView */,
				01EF9D271C12D3C10004E740 /* CardView.h */,
				01EF9D281C12D3C10004E740 /* CardView.m */,
				01EF9E981C15975D0004E740 /* FBShimmering */,
				01EF9E431C147D310004E740 /* PrefixHeader.pch */,
				01EF9CD81C12730E0004E740 /* AppDelegate.h */,
				01EF9CD91C12730E0004E740 /* AppDelegate.m */,
				01EF9E4A1C1490FA0004E740 /* leftSide */,
				01EF9CDB1C12730E0004E740 /* MainViewController.h */,
				01EF9CDC1C12730E0004E740 /* MainViewController.m */,
				01EF9E4F1C14A2EF0004E740 /* left.png */,
				01EF9E4D1C14A2E20004E740 /* right.png */,
=======
				01EF9CD81C12730E0004E740 /* AppDelegate.h */,
				01EF9CD91C12730E0004E740 /* AppDelegate.m */,
				01EF9CDB1C12730E0004E740 /* ViewController.h */,
				01EF9CDC1C12730E0004E740 /* ViewController.m */,
>>>>>>> parent of 7249f13... 12.6---0:53
				01EF9CDE1C12730E0004E740 /* Main.storyboard */,
				01EF9CE11C12730E0004E740 /* Assets.xcassets */,
				01EF9E511C14A3DF0004E740 /* bg_jmt.png */,
				01EF9CE31C12730E0004E740 /* LaunchScreen.storyboard */,
				01EF9CE61C12730E0004E740 /* Info.plist */,
				01EF9CD51C12730E0004E740 /* Supporting Files */,
			);
			path = "点点Chat";
			sourceTree = "<group>";
		};
		01EF9CD51C12730E0004E740 /* Supporting Files */ = {
			isa = PBXGroup;
			children = (
				01EF9CD61C12730E0004E740 /* main.m */,
			);
			name = "Supporting Files";
			sourceTree = "<group>";
		};
		01EF9CEE1C12730E0004E740 /* 点点ChatTests */ = {
			isa = PBXGroup;
			children = (
				01EF9CEF1C12730E0004E740 /* __ChatTests.m */,
				01EF9CF11C12730E0004E740 /* Info.plist */,
			);
			path = "点点ChatTests";
			sourceTree = "<group>";
		};
		01EF9CF91C12730E0004E740 /* 点点ChatUITests */ = {
			isa = PBXGroup;
			children = (
				01EF9CFA1C12730E0004E740 /* __ChatUITests.m */,
				01EF9CFC1C12730E0004E740 /* Info.plist */,
			);
			path = "点点ChatUITests";
			sourceTree = "<group>";
		};
<<<<<<< HEAD
		01EF9D081C12CCFB0004E740 /* ZLSwipeableView */ = {
			isa = PBXGroup;
			children = (
				01EF9D091C12CCFB0004E740 /* DefaultDirectionInterpretor.h */,
				01EF9D0A1C12CCFB0004E740 /* DefaultDirectionInterpretor.m */,
				01EF9D0B1C12CCFB0004E740 /* DefaultShouldSwipeDeterminator.h */,
				01EF9D0C1C12CCFB0004E740 /* DefaultShouldSwipeDeterminator.m */,
				01EF9D0D1C12CCFB0004E740 /* DefaultViewAnimator.h */,
				01EF9D0E1C12CCFB0004E740 /* DefaultViewAnimator.m */,
				01EF9D0F1C12CCFB0004E740 /* PanGestureRecognizer.h */,
				01EF9D101C12CCFB0004E740 /* PanGestureRecognizer.m */,
				01EF9D111C12CCFB0004E740 /* Scheduler.h */,
				01EF9D121C12CCFB0004E740 /* Scheduler.m */,
				01EF9D131C12CCFB0004E740 /* Utils.h */,
				01EF9D141C12CCFB0004E740 /* Utils.m */,
				01EF9D151C12CCFB0004E740 /* ViewManager.h */,
				01EF9D161C12CCFB0004E740 /* ViewManager.m */,
				01EF9D171C12CCFB0004E740 /* ZLSwipeableView.h */,
				01EF9D181C12CCFB0004E740 /* ZLSwipeableView.m */,
				01EF9D191C12CCFB0004E740 /* ZLSwipeableViewMovement.h */,
				01EF9D1A1C12CCFB0004E740 /* ZLSwipeableViewMovement.m */,
				01EF9D1B1C12CCFB0004E740 /* ZLSwipeableViewSwipeOptions.h */,
				01EF9D1C1C12CCFB0004E740 /* ZLSwipeableViewSwipeOptions.m */,
			);
			path = ZLSwipeableView;
			sourceTree = "<group>";
		};
		01EF9E4A1C1490FA0004E740 /* leftSide */ = {
			isa = PBXGroup;
			children = (
				01EF9E471C1490170004E740 /* JVLeftDrawerTableViewCell.h */,
				01EF9E481C1490170004E740 /* JVLeftDrawerTableViewCell.m */,
				01EF9E441C148FEF0004E740 /* JVLeftDrawerTableViewController.h */,
				01EF9E451C148FEF0004E740 /* JVLeftDrawerTableViewController.m */,
			);
			name = leftSide;
			sourceTree = "<group>";
		};
		01EF9E981C15975D0004E740 /* FBShimmering */ = {
			isa = PBXGroup;
			children = (
				01EF9E991C15975D0004E740 /* FBShimmering-Prefix.pch */,
				01EF9E9A1C15975D0004E740 /* FBShimmering.h */,
				01EF9E9B1C15975D0004E740 /* FBShimmeringLayer.h */,
				01EF9E9C1C15975D0004E740 /* FBShimmeringLayer.m */,
				01EF9E9D1C15975D0004E740 /* FBShimmeringView.h */,
				01EF9E9E1C15975D0004E740 /* FBShimmeringView.m */,
			);
			path = FBShimmering;
			sourceTree = "<group>";
		};
		9A237BFBBDE951E23390C0B3 /* Pods */ = {
			isa = PBXGroup;
			children = (
				6DEFD7B329AAC10720EA0ED5 /* Pods-点点Chat.debug.xcconfig */,
				84CD2FCFFF5E6EBD986C679A /* Pods-点点Chat.release.xcconfig */,
			);
			name = Pods;
			sourceTree = "<group>";
		};
		B8D1BE9A14EBE6A60B84A0FA /* Frameworks */ = {
			isa = PBXGroup;
			children = (
				E81DA3FD87BA86FF60EC43E8 /* libPods-点点Chat.a */,
			);
			name = Frameworks;
			sourceTree = "<group>";
		};
=======
>>>>>>> parent of 7249f13... 12.6---0:53
/* End PBXGroup section */

/* Begin PBXNativeTarget section */
		01EF9CD11C12730E0004E740 /* 点点Chat */ = {
			isa = PBXNativeTarget;
			buildConfigurationList = 01EF9CFF1C12730E0004E740 /* Build configuration list for PBXNativeTarget "点点Chat" */;
			buildPhases = (
				DEBF3D9843D83AF244A21EA8 /* Check Pods Manifest.lock */,
				01EF9CCE1C12730E0004E740 /* Sources */,
				01EF9CCF1C12730E0004E740 /* Frameworks */,
				01EF9CD01C12730E0004E740 /* Resources */,
				FD5BBC941B69958F22EF8080 /* Embed Pods Frameworks */,
				CD0115A43F5DA9F8DBA2E387 /* Copy Pods Resources */,
			);
			buildRules = (
			);
			dependencies = (
			);
			name = "点点Chat";
			productName = "点点Chat";
			productReference = 01EF9CD21C12730E0004E740 /* 点点Chat.app */;
			productType = "com.apple.product-type.application";
		};
		01EF9CEA1C12730E0004E740 /* 点点ChatTests */ = {
			isa = PBXNativeTarget;
			buildConfigurationList = 01EF9D021C12730E0004E740 /* Build configuration list for PBXNativeTarget "点点ChatTests" */;
			buildPhases = (
				01EF9CE71C12730E0004E740 /* Sources */,
				01EF9CE81C12730E0004E740 /* Frameworks */,
				01EF9CE91C12730E0004E740 /* Resources */,
			);
			buildRules = (
			);
			dependencies = (
				01EF9CED1C12730E0004E740 /* PBXTargetDependency */,
			);
			name = "点点ChatTests";
			productName = "点点ChatTests";
			productReference = 01EF9CEB1C12730E0004E740 /* 点点ChatTests.xctest */;
			productType = "com.apple.product-type.bundle.unit-test";
		};
		01EF9CF51C12730E0004E740 /* 点点ChatUITests */ = {
			isa = PBXNativeTarget;
			buildConfigurationList = 01EF9D051C12730E0004E740 /* Build configuration list for PBXNativeTarget "点点ChatUITests" */;
			buildPhases = (
				01EF9CF21C12730E0004E740 /* Sources */,
				01EF9CF31C12730E0004E740 /* Frameworks */,
				01EF9CF41C12730E0004E740 /* Resources */,
			);
			buildRules = (
			);
			dependencies = (
				01EF9CF81C12730E0004E740 /* PBXTargetDependency */,
			);
			name = "点点ChatUITests";
			productName = "点点ChatUITests";
			productReference = 01EF9CF61C12730E0004E740 /* 点点ChatUITests.xctest */;
			productType = "com.apple.product-type.bundle.ui-testing";
		};
/* End PBXNativeTarget section */

/* Begin PBXProject section */
		01EF9CCA1C12730E0004E740 /* Project object */ = {
			isa = PBXProject;
			attributes = {
				LastUpgradeCheck = 0710;
				ORGANIZATIONNAME = jiuxiaoming;
				TargetAttributes = {
					01EF9CD11C12730E0004E740 = {
						CreatedOnToolsVersion = 7.1.1;
						DevelopmentTeam = 667VUNCC22;
					};
					01EF9CEA1C12730E0004E740 = {
						CreatedOnToolsVersion = 7.1.1;
						DevelopmentTeam = 667VUNCC22;
						TestTargetID = 01EF9CD11C12730E0004E740;
					};
					01EF9CF51C12730E0004E740 = {
						CreatedOnToolsVersion = 7.1.1;
						DevelopmentTeam = 667VUNCC22;
						TestTargetID = 01EF9CD11C12730E0004E740;
					};
				};
			};
			buildConfigurationList = 01EF9CCD1C12730E0004E740 /* Build configuration list for PBXProject "点点Chat" */;
			compatibilityVersion = "Xcode 3.2";
			developmentRegion = English;
			hasScannedForEncodings = 0;
			knownRegions = (
				en,
				Base,
			);
			mainGroup = 01EF9CC91C12730E0004E740;
			productRefGroup = 01EF9CD31C12730E0004E740 /* Products */;
			projectDirPath = "";
			projectRoot = "";
			targets = (
				01EF9CD11C12730E0004E740 /* 点点Chat */,
				01EF9CEA1C12730E0004E740 /* 点点ChatTests */,
				01EF9CF51C12730E0004E740 /* 点点ChatUITests */,
			);
		};
/* End PBXProject section */

/* Begin PBXResourcesBuildPhase section */
		01EF9CD01C12730E0004E740 /* Resources */ = {
			isa = PBXResourcesBuildPhase;
			buildActionMask = 2147483647;
			files = (
				01EF9E521C14A3DF0004E740 /* bg_jmt.png in Resources */,
				01EF9CE51C12730E0004E740 /* LaunchScreen.storyboard in Resources */,
				01EF9E501C14A2EF0004E740 /* left.png in Resources */,
				01EF9E4E1C14A2E20004E740 /* right.png in Resources */,
				01EF9CE21C12730E0004E740 /* Assets.xcassets in Resources */,
				01EF9CE01C12730E0004E740 /* Main.storyboard in Resources */,
			);
			runOnlyForDeploymentPostprocessing = 0;
		};
		01EF9CE91C12730E0004E740 /* Resources */ = {
			isa = PBXResourcesBuildPhase;
			buildActionMask = 2147483647;
			files = (
			);
			runOnlyForDeploymentPostprocessing = 0;
		};
		01EF9CF41C12730E0004E740 /* Resources */ = {
			isa = PBXResourcesBuildPhase;
			buildActionMask = 2147483647;
			files = (
			);
			runOnlyForDeploymentPostprocessing = 0;
		};
/* End PBXResourcesBuildPhase section */

/* Begin PBXShellScriptBuildPhase section */
		CD0115A43F5DA9F8DBA2E387 /* Copy Pods Resources */ = {
			isa = PBXShellScriptBuildPhase;
			buildActionMask = 2147483647;
			files = (
			);
			inputPaths = (
			);
			name = "Copy Pods Resources";
			outputPaths = (
			);
			runOnlyForDeploymentPostprocessing = 0;
			shellPath = /bin/sh;
			shellScript = "\"${SRCROOT}/Pods/Target Support Files/Pods-点点Chat/Pods-点点Chat-resources.sh\"\n";
			showEnvVarsInLog = 0;
		};
		DEBF3D9843D83AF244A21EA8 /* Check Pods Manifest.lock */ = {
			isa = PBXShellScriptBuildPhase;
			buildActionMask = 2147483647;
			files = (
			);
			inputPaths = (
			);
			name = "Check Pods Manifest.lock";
			outputPaths = (
			);
			runOnlyForDeploymentPostprocessing = 0;
			shellPath = /bin/sh;
			shellScript = "diff \"${PODS_ROOT}/../Podfile.lock\" \"${PODS_ROOT}/Manifest.lock\" > /dev/null\nif [[ $? != 0 ]] ; then\n    cat << EOM\nerror: The sandbox is not in sync with the Podfile.lock. Run 'pod install' or update your CocoaPods installation.\nEOM\n    exit 1\nfi\n";
			showEnvVarsInLog = 0;
		};
		FD5BBC941B69958F22EF8080 /* Embed Pods Frameworks */ = {
			isa = PBXShellScriptBuildPhase;
			buildActionMask = 2147483647;
			files = (
			);
			inputPaths = (
			);
			name = "Embed Pods Frameworks";
			outputPaths = (
			);
			runOnlyForDeploymentPostprocessing = 0;
			shellPath = /bin/sh;
			shellScript = "\"${SRCROOT}/Pods/Target Support Files/Pods-点点Chat/Pods-点点Chat-frameworks.sh\"\n";
			showEnvVarsInLog = 0;
		};
/* End PBXShellScriptBuildPhase section */

/* Begin PBXSourcesBuildPhase section */
		01EF9CCE1C12730E0004E740 /* Sources */ = {
			isa = PBXSourcesBuildPhase;
			buildActionMask = 2147483647;
			files = (
<<<<<<< HEAD
				01EF9D251C12CCFC0004E740 /* ZLSwipeableViewMovement.m in Sources */,
				01EF9D221C12CCFC0004E740 /* Utils.m in Sources */,
				01EF9D1D1C12CCFC0004E740 /* DefaultDirectionInterpretor.m in Sources */,
				01EF9E461C148FEF0004E740 /* JVLeftDrawerTableViewController.m in Sources */,
				01EF9D1E1C12CCFC0004E740 /* DefaultShouldSwipeDeterminator.m in Sources */,
				01EF9CDD1C12730E0004E740 /* MainViewController.m in Sources */,
				01EF9CDA1C12730E0004E740 /* AppDelegate.m in Sources */,
				01EF9EA01C15975D0004E740 /* FBShimmeringView.m in Sources */,
				01EF9E9F1C15975D0004E740 /* FBShimmeringLayer.m in Sources */,
				01EF9D291C12D3C10004E740 /* CardView.m in Sources */,
				01EF9D241C12CCFC0004E740 /* ZLSwipeableView.m in Sources */,
				01EF9E491C1490170004E740 /* JVLeftDrawerTableViewCell.m in Sources */,
				01EF9D261C12CCFC0004E740 /* ZLSwipeableViewSwipeOptions.m in Sources */,
				01EF9D201C12CCFC0004E740 /* PanGestureRecognizer.m in Sources */,
				01EF9D231C12CCFC0004E740 /* ViewManager.m in Sources */,
				01EF9D211C12CCFC0004E740 /* Scheduler.m in Sources */,
=======
				01EF9CDD1C12730E0004E740 /* ViewController.m in Sources */,
				01EF9CDA1C12730E0004E740 /* AppDelegate.m in Sources */,
>>>>>>> parent of 7249f13... 12.6---0:53
				01EF9CD71C12730E0004E740 /* main.m in Sources */,
			);
			runOnlyForDeploymentPostprocessing = 0;
		};
		01EF9CE71C12730E0004E740 /* Sources */ = {
			isa = PBXSourcesBuildPhase;
			buildActionMask = 2147483647;
			files = (
				01EF9CF01C12730E0004E740 /* __ChatTests.m in Sources */,
			);
			runOnlyForDeploymentPostprocessing = 0;
		};
		01EF9CF21C12730E0004E740 /* Sources */ = {
			isa = PBXSourcesBuildPhase;
			buildActionMask = 2147483647;
			files = (
				01EF9CFB1C12730E0004E740 /* __ChatUITests.m in Sources */,
			);
			runOnlyForDeploymentPostprocessing = 0;
		};
/* End PBXSourcesBuildPhase section */

/* Begin PBXTargetDependency section */
		01EF9CED1C12730E0004E740 /* PBXTargetDependency */ = {
			isa = PBXTargetDependency;
			target = 01EF9CD11C12730E0004E740 /* 点点Chat */;
			targetProxy = 01EF9CEC1C12730E0004E740 /* PBXContainerItemProxy */;
		};
		01EF9CF81C12730E0004E740 /* PBXTargetDependency */ = {
			isa = PBXTargetDependency;
			target = 01EF9CD11C12730E0004E740 /* 点点Chat */;
			targetProxy = 01EF9CF71C12730E0004E740 /* PBXContainerItemProxy */;
		};
/* End PBXTargetDependency section */

/* Begin PBXVariantGroup section */
		01EF9CDE1C12730E0004E740 /* Main.storyboard */ = {
			isa = PBXVariantGroup;
			children = (
				01EF9CDF1C12730E0004E740 /* Base */,
			);
			name = Main.storyboard;
			sourceTree = "<group>";
		};
		01EF9CE31C12730E0004E740 /* LaunchScreen.storyboard */ = {
			isa = PBXVariantGroup;
			children = (
				01EF9CE41C12730E0004E740 /* Base */,
			);
			name = LaunchScreen.storyboard;
			sourceTree = "<group>";
		};
/* End PBXVariantGroup section */

/* Begin XCBuildConfiguration section */
		01EF9CFD1C12730E0004E740 /* Debug */ = {
			isa = XCBuildConfiguration;
			buildSettings = {
				ALWAYS_SEARCH_USER_PATHS = NO;
				CLANG_CXX_LANGUAGE_STANDARD = "gnu++0x";
				CLANG_CXX_LIBRARY = "libc++";
				CLANG_ENABLE_MODULES = YES;
				CLANG_ENABLE_OBJC_ARC = YES;
				CLANG_WARN_BOOL_CONVERSION = YES;
				CLANG_WARN_CONSTANT_CONVERSION = YES;
				CLANG_WARN_DIRECT_OBJC_ISA_USAGE = YES_ERROR;
				CLANG_WARN_EMPTY_BODY = YES;
				CLANG_WARN_ENUM_CONVERSION = YES;
				CLANG_WARN_INT_CONVERSION = YES;
				CLANG_WARN_OBJC_ROOT_CLASS = YES_ERROR;
				CLANG_WARN_UNREACHABLE_CODE = YES;
				CLANG_WARN__DUPLICATE_METHOD_MATCH = YES;
				"CODE_SIGN_IDENTITY[sdk=iphoneos*]" = "iPhone Developer";
				COPY_PHASE_STRIP = NO;
				DEBUG_INFORMATION_FORMAT = dwarf;
				ENABLE_STRICT_OBJC_MSGSEND = YES;
				ENABLE_TESTABILITY = YES;
				GCC_C_LANGUAGE_STANDARD = gnu99;
				GCC_DYNAMIC_NO_PIC = NO;
				GCC_NO_COMMON_BLOCKS = YES;
				GCC_OPTIMIZATION_LEVEL = 0;
				GCC_PREPROCESSOR_DEFINITIONS = (
					"DEBUG=1",
					"$(inherited)",
				);
				GCC_WARN_64_TO_32_BIT_CONVERSION = YES;
				GCC_WARN_ABOUT_RETURN_TYPE = YES_ERROR;
				GCC_WARN_UNDECLARED_SELECTOR = YES;
				GCC_WARN_UNINITIALIZED_AUTOS = YES_AGGRESSIVE;
				GCC_WARN_UNUSED_FUNCTION = YES;
				GCC_WARN_UNUSED_VARIABLE = YES;
				IPHONEOS_DEPLOYMENT_TARGET = 9.1;
				MTL_ENABLE_DEBUG_INFO = YES;
				ONLY_ACTIVE_ARCH = YES;
				SDKROOT = iphoneos;
			};
			name = Debug;
		};
		01EF9CFE1C12730E0004E740 /* Release */ = {
			isa = XCBuildConfiguration;
			buildSettings = {
				ALWAYS_SEARCH_USER_PATHS = NO;
				CLANG_CXX_LANGUAGE_STANDARD = "gnu++0x";
				CLANG_CXX_LIBRARY = "libc++";
				CLANG_ENABLE_MODULES = YES;
				CLANG_ENABLE_OBJC_ARC = YES;
				CLANG_WARN_BOOL_CONVERSION = YES;
				CLANG_WARN_CONSTANT_CONVERSION = YES;
				CLANG_WARN_DIRECT_OBJC_ISA_USAGE = YES_ERROR;
				CLANG_WARN_EMPTY_BODY = YES;
				CLANG_WARN_ENUM_CONVERSION = YES;
				CLANG_WARN_INT_CONVERSION = YES;
				CLANG_WARN_OBJC_ROOT_CLASS = YES_ERROR;
				CLANG_WARN_UNREACHABLE_CODE = YES;
				CLANG_WARN__DUPLICATE_METHOD_MATCH = YES;
				"CODE_SIGN_IDENTITY[sdk=iphoneos*]" = "iPhone Developer";
				COPY_PHASE_STRIP = NO;
				DEBUG_INFORMATION_FORMAT = "dwarf-with-dsym";
				ENABLE_NS_ASSERTIONS = NO;
				ENABLE_STRICT_OBJC_MSGSEND = YES;
				GCC_C_LANGUAGE_STANDARD = gnu99;
				GCC_NO_COMMON_BLOCKS = YES;
				GCC_WARN_64_TO_32_BIT_CONVERSION = YES;
				GCC_WARN_ABOUT_RETURN_TYPE = YES_ERROR;
				GCC_WARN_UNDECLARED_SELECTOR = YES;
				GCC_WARN_UNINITIALIZED_AUTOS = YES_AGGRESSIVE;
				GCC_WARN_UNUSED_FUNCTION = YES;
				GCC_WARN_UNUSED_VARIABLE = YES;
				IPHONEOS_DEPLOYMENT_TARGET = 9.1;
				MTL_ENABLE_DEBUG_INFO = NO;
				SDKROOT = iphoneos;
				VALIDATE_PRODUCT = YES;
			};
			name = Release;
		};
		01EF9D001C12730E0004E740 /* Debug */ = {
			isa = XCBuildConfiguration;
			baseConfigurationReference = 6DEFD7B329AAC10720EA0ED5 /* Pods-点点Chat.debug.xcconfig */;
			buildSettings = {
				ASSETCATALOG_COMPILER_APPICON_NAME = AppIcon;
				GCC_PRECOMPILE_PREFIX_HEADER = YES;
				GCC_PREFIX_HEADER = "$(SRCROOT)/点点Chat/PrefixHeader.pch";
				INFOPLIST_FILE = "点点Chat/Info.plist";
				LD_RUNPATH_SEARCH_PATHS = "$(inherited) @executable_path/Frameworks";
				OTHER_CFLAGS = (
					"$(inherited)",
					"-isystem",
					"\"${PODS_ROOT}/Headers/Public\"",
					"-isystem",
					"\"${PODS_ROOT}/Headers/Public/AMap2DMap\"",
					"-isystem",
					"\"${PODS_ROOT}/Headers/Public/AMapSearch\"",
					"-isystem",
					"\"${PODS_ROOT}/Headers/Public/JVFloatingDrawer\"",
					"-D",
					_FOR_DEBUG_,
				);
				PRODUCT_BUNDLE_IDENTIFIER = "com.lanyikeji.--Chat";
				PRODUCT_NAME = "$(TARGET_NAME)";
				USER_HEADER_SEARCH_PATHS = "${SRCROOT}/**";
			};
			name = Debug;
		};
		01EF9D011C12730E0004E740 /* Release */ = {
			isa = XCBuildConfiguration;
			baseConfigurationReference = 84CD2FCFFF5E6EBD986C679A /* Pods-点点Chat.release.xcconfig */;
			buildSettings = {
				ASSETCATALOG_COMPILER_APPICON_NAME = AppIcon;
				GCC_PRECOMPILE_PREFIX_HEADER = YES;
				GCC_PREFIX_HEADER = "$(SRCROOT)/点点Chat/PrefixHeader.pch";
				INFOPLIST_FILE = "点点Chat/Info.plist";
				LD_RUNPATH_SEARCH_PATHS = "$(inherited) @executable_path/Frameworks";
				OTHER_CFLAGS = (
					"$(inherited)",
					"-isystem",
					"\"${PODS_ROOT}/Headers/Public\"",
					"-isystem",
					"\"${PODS_ROOT}/Headers/Public/AMap2DMap\"",
					"-isystem",
					"\"${PODS_ROOT}/Headers/Public/AMapSearch\"",
					"-isystem",
					"\"${PODS_ROOT}/Headers/Public/JVFloatingDrawer\"",
					"-D",
					_FOR_DEBUG_,
				);
				PRODUCT_BUNDLE_IDENTIFIER = "com.lanyikeji.--Chat";
				PRODUCT_NAME = "$(TARGET_NAME)";
				USER_HEADER_SEARCH_PATHS = "${SRCROOT}/**";
			};
			name = Release;
		};
		01EF9D031C12730E0004E740 /* Debug */ = {
			isa = XCBuildConfiguration;
			buildSettings = {
				BUNDLE_LOADER = "$(TEST_HOST)";
				INFOPLIST_FILE = "点点ChatTests/Info.plist";
				LD_RUNPATH_SEARCH_PATHS = "$(inherited) @executable_path/Frameworks @loader_path/Frameworks";
				PRODUCT_BUNDLE_IDENTIFIER = "com.lanyikeji.--ChatTests";
				PRODUCT_NAME = "$(TARGET_NAME)";
				TEST_HOST = "$(BUILT_PRODUCTS_DIR)/点点Chat.app/点点Chat";
			};
			name = Debug;
		};
		01EF9D041C12730E0004E740 /* Release */ = {
			isa = XCBuildConfiguration;
			buildSettings = {
				BUNDLE_LOADER = "$(TEST_HOST)";
				INFOPLIST_FILE = "点点ChatTests/Info.plist";
				LD_RUNPATH_SEARCH_PATHS = "$(inherited) @executable_path/Frameworks @loader_path/Frameworks";
				PRODUCT_BUNDLE_IDENTIFIER = "com.lanyikeji.--ChatTests";
				PRODUCT_NAME = "$(TARGET_NAME)";
				TEST_HOST = "$(BUILT_PRODUCTS_DIR)/点点Chat.app/点点Chat";
			};
			name = Release;
		};
		01EF9D061C12730E0004E740 /* Debug */ = {
			isa = XCBuildConfiguration;
			buildSettings = {
				INFOPLIST_FILE = "点点ChatUITests/Info.plist";
				LD_RUNPATH_SEARCH_PATHS = "$(inherited) @executable_path/Frameworks @loader_path/Frameworks";
				PRODUCT_BUNDLE_IDENTIFIER = "com.lanyikeji.--ChatUITests";
				PRODUCT_NAME = "$(TARGET_NAME)";
				TEST_TARGET_NAME = "点点Chat";
				USES_XCTRUNNER = YES;
			};
			name = Debug;
		};
		01EF9D071C12730E0004E740 /* Release */ = {
			isa = XCBuildConfiguration;
			buildSettings = {
				INFOPLIST_FILE = "点点ChatUITests/Info.plist";
				LD_RUNPATH_SEARCH_PATHS = "$(inherited) @executable_path/Frameworks @loader_path/Frameworks";
				PRODUCT_BUNDLE_IDENTIFIER = "com.lanyikeji.--ChatUITests";
				PRODUCT_NAME = "$(TARGET_NAME)";
				TEST_TARGET_NAME = "点点Chat";
				USES_XCTRUNNER = YES;
			};
			name = Release;
		};
/* End XCBuildConfiguration section */

/* Begin XCConfigurationList section */
		01EF9CCD1C12730E0004E740 /* Build configuration list for PBXProject "点点Chat" */ = {
			isa = XCConfigurationList;
			buildConfigurations = (
				01EF9CFD1C12730E0004E740 /* Debug */,
				01EF9CFE1C12730E0004E740 /* Release */,
			);
			defaultConfigurationIsVisible = 0;
			defaultConfigurationName = Release;
		};
		01EF9CFF1C12730E0004E740 /* Build configuration list for PBXNativeTarget "点点Chat" */ = {
			isa = XCConfigurationList;
			buildConfigurations = (
				01EF9D001C12730E0004E740 /* Debug */,
				01EF9D011C12730E0004E740 /* Release */,
			);
			defaultConfigurationIsVisible = 0;
			defaultConfigurationName = Release;
		};
		01EF9D021C12730E0004E740 /* Build configuration list for PBXNativeTarget "点点ChatTests" */ = {
			isa = XCConfigurationList;
			buildConfigurations = (
				01EF9D031C12730E0004E740 /* Debug */,
				01EF9D041C12730E0004E740 /* Release */,
			);
			defaultConfigurationIsVisible = 0;
			defaultConfigurationName = Release;
		};
		01EF9D051C12730E0004E740 /* Build configuration list for PBXNativeTarget "点点ChatUITests" */ = {
			isa = XCConfigurationList;
			buildConfigurations = (
				01EF9D061C12730E0004E740 /* Debug */,
				01EF9D071C12730E0004E740 /* Release */,
			);
			defaultConfigurationIsVisible = 0;
			defaultConfigurationName = Release;
		};
/* End XCConfigurationList section */
	};
	rootObject = 01EF9CCA1C12730E0004E740 /* Project object */;
}
